
Microsoft Visual Studio Solution File, Format Version 12.00
# Visual Studio Version 17
VisualStudioVersion = 17.3.32929.385
MinimumVisualStudioVersion = 10.0.40219.1
Project("{FAE04EC0-301F-11D3-BF4B-00C04F79EFBC}") = "WorkTracker", "WorkTracker\WorkTracker.csproj", "{09E3486D-938D-48BD-AC38-B85695C2E046}"
EndProject
Global
	GlobalSection(SolutionConfigurationPlatforms) = preSolution
		Debug|Any CPU = Debug|Any CPU
		Release|Any CPU = Release|Any CPU
	EndGlobalSection
	GlobalSection(ProjectConfigurationPlatforms) = postSolution
		{09E3486D-938D-48BD-AC38-B85695C2E046}.Debug|Any CPU.ActiveCfg = Debug|Any CPU
		{09E3486D-938D-48BD-AC38-B85695C2E046}.Debug|Any CPU.Build.0 = Debug|Any CPU
		{09E3486D-938D-48BD-AC38-B85695C2E046}.Release|Any CPU.ActiveCfg = Release|Any CPU
		{09E3486D-938D-48BD-AC38-B85695C2E046}.Release|Any CPU.Build.0 = Release|Any CPU
	EndGlobalSection
	GlobalSection(SolutionProperties) = preSolution
		HideSolutionNode = FALSE
	EndGlobalSection
	GlobalSection(ExtensibilityGlobals) = postSolution
		SolutionGuid = {6A3326A9-65BC-4001-B480-504A88428238}
	EndGlobalSection
EndGlobal
